
Microsoft Visual Studio Solution File, Format Version 12.00
# Visual Studio 15
VisualStudioVersion = 15.0.26124.0
MinimumVisualStudioVersion = 15.0.26124.0
Project("{FAE04EC0-301F-11D3-BF4B-00C04F79EFBC}") = "BDSA2020.Assignment07", "BDSA2020.Assignment07\BDSA2020.Assignment07.csproj", "{2D9F9DCF-0A15-4D4D-B209-6B4AFFDA9310}"
EndProject
Project("{FAE04EC0-301F-11D3-BF4B-00C04F79EFBC}") = "BDSA2020.Assignment07.Tests", "BDSA2020.Assignment07.Tests\BDSA2020.Assignment07.Tests.csproj", "{3E23C50B-A28A-4197-A766-E61EB4C366BE}"
EndProject
Global
	GlobalSection(SolutionConfigurationPlatforms) = preSolution
		Debug|Any CPU = Debug|Any CPU
		Debug|x64 = Debug|x64
		Debug|x86 = Debug|x86
		Release|Any CPU = Release|Any CPU
		Release|x64 = Release|x64
		Release|x86 = Release|x86
	EndGlobalSection
	GlobalSection(SolutionProperties) = preSolution
		HideSolutionNode = FALSE
	EndGlobalSection
	GlobalSection(ProjectConfigurationPlatforms) = postSolution
		{2D9F9DCF-0A15-4D4D-B209-6B4AFFDA9310}.Debug|Any CPU.ActiveCfg = Debug|Any CPU
		{2D9F9DCF-0A15-4D4D-B209-6B4AFFDA9310}.Debug|Any CPU.Build.0 = Debug|Any CPU
		{2D9F9DCF-0A15-4D4D-B209-6B4AFFDA9310}.Debug|x64.ActiveCfg = Debug|Any CPU
		{2D9F9DCF-0A15-4D4D-B209-6B4AFFDA9310}.Debug|x64.Build.0 = Debug|Any CPU
		{2D9F9DCF-0A15-4D4D-B209-6B4AFFDA9310}.Debug|x86.ActiveCfg = Debug|Any CPU
		{2D9F9DCF-0A15-4D4D-B209-6B4AFFDA9310}.Debug|x86.Build.0 = Debug|Any CPU
		{2D9F9DCF-0A15-4D4D-B209-6B4AFFDA9310}.Release|Any CPU.ActiveCfg = Release|Any CPU
		{2D9F9DCF-0A15-4D4D-B209-6B4AFFDA9310}.Release|Any CPU.Build.0 = Release|Any CPU
		{2D9F9DCF-0A15-4D4D-B209-6B4AFFDA9310}.Release|x64.ActiveCfg = Release|Any CPU
		{2D9F9DCF-0A15-4D4D-B209-6B4AFFDA9310}.Release|x64.Build.0 = Release|Any CPU
		{2D9F9DCF-0A15-4D4D-B209-6B4AFFDA9310}.Release|x86.ActiveCfg = Release|Any CPU
		{2D9F9DCF-0A15-4D4D-B209-6B4AFFDA9310}.Release|x86.Build.0 = Release|Any CPU
		{3E23C50B-A28A-4197-A766-E61EB4C366BE}.Debug|Any CPU.ActiveCfg = Debug|Any CPU
		{3E23C50B-A28A-4197-A766-E61EB4C366BE}.Debug|Any CPU.Build.0 = Debug|Any CPU
		{3E23C50B-A28A-4197-A766-E61EB4C366BE}.Debug|x64.ActiveCfg = Debug|Any CPU
		{3E23C50B-A28A-4197-A766-E61EB4C366BE}.Debug|x64.Build.0 = Debug|Any CPU
		{3E23C50B-A28A-4197-A766-E61EB4C366BE}.Debug|x86.ActiveCfg = Debug|Any CPU
		{3E23C50B-A28A-4197-A766-E61EB4C366BE}.Debug|x86.Build.0 = Debug|Any CPU
		{3E23C50B-A28A-4197-A766-E61EB4C366BE}.Release|Any CPU.ActiveCfg = Release|Any CPU
		{3E23C50B-A28A-4197-A766-E61EB4C366BE}.Release|Any CPU.Build.0 = Release|Any CPU
		{3E23C50B-A28A-4197-A766-E61EB4C366BE}.Release|x64.ActiveCfg = Release|Any CPU
		{3E23C50B-A28A-4197-A766-E61EB4C366BE}.Release|x64.Build.0 = Release|Any CPU
		{3E23C50B-A28A-4197-A766-E61EB4C366BE}.Release|x86.ActiveCfg = Release|Any CPU
		{3E23C50B-A28A-4197-A766-E61EB4C366BE}.Release|x86.Build.0 = Release|Any CPU
	EndGlobalSection
EndGlobal
